// !$*UTF8*$!
{
	archiveVersion = 1;
	classes = {
	};
	objectVersion = 50;
	objects = {

/* Begin PBXBuildFile section */
		7D065E272434855100DD2E02 /* AppDelegate.m in Sources */ = {isa = PBXBuildFile; fileRef = 7D065E262434855100DD2E02 /* AppDelegate.m */; };
		7D065E2A2434855100DD2E02 /* SceneDelegate.m in Sources */ = {isa = PBXBuildFile; fileRef = 7D065E292434855100DD2E02 /* SceneDelegate.m */; };
		7D065E2D2434855100DD2E02 /* ViewController.m in Sources */ = {isa = PBXBuildFile; fileRef = 7D065E2C2434855100DD2E02 /* ViewController.m */; };
		7D065E302434855100DD2E02 /* Main.storyboard in Resources */ = {isa = PBXBuildFile; fileRef = 7D065E2E2434855100DD2E02 /* Main.storyboard */; };
		7D065E322434855300DD2E02 /* Assets.xcassets in Resources */ = {isa = PBXBuildFile; fileRef = 7D065E312434855300DD2E02 /* Assets.xcassets */; };
		7D065E352434855300DD2E02 /* LaunchScreen.storyboard in Resources */ = {isa = PBXBuildFile; fileRef = 7D065E332434855300DD2E02 /* LaunchScreen.storyboard */; };
		7D065E382434855300DD2E02 /* main.m in Sources */ = {isa = PBXBuildFile; fileRef = 7D065E372434855300DD2E02 /* main.m */; };
		7D065E432434858100DD2E02 /* Student.m in Sources */ = {isa = PBXBuildFile; fileRef = 7D065E422434858100DD2E02 /* Student.m */; };
/* End PBXBuildFile section */

/* Begin PBXFileReference section */
		7D065E222434855100DD2E02 /* Sub_P2.app */ = {isa = PBXFileReference; explicitFileType = wrapper.application; includeInIndex = 0; path = Sub_P2.app; sourceTree = BUILT_PRODUCTS_DIR; };
		7D065E252434855100DD2E02 /* AppDelegate.h */ = {isa = PBXFileReference; lastKnownFileType = sourcecode.c.h; path = AppDelegate.h; sourceTree = "<group>"; };
		7D065E262434855100DD2E02 /* AppDelegate.m */ = {isa = PBXFileReference; lastKnownFileType = sourcecode.c.objc; path = AppDelegate.m; sourceTree = "<group>"; };
		7D065E282434855100DD2E02 /* SceneDelegate.h */ = {isa = PBXFileReference; lastKnownFileType = sourcecode.c.h; path = SceneDelegate.h; sourceTree = "<group>"; };
		7D065E292434855100DD2E02 /* SceneDelegate.m */ = {isa = PBXFileReference; lastKnownFileType = sourcecode.c.objc; path = SceneDelegate.m; sourceTree = "<group>"; };
		7D065E2B2434855100DD2E02 /* ViewController.h */ = {isa = PBXFileReference; lastKnownFileType = sourcecode.c.h; path = ViewController.h; sourceTree = "<group>"; };
		7D065E2C2434855100DD2E02 /* ViewController.m */ = {isa = PBXFileReference; lastKnownFileType = sourcecode.c.objc; path = ViewController.m; sourceTree = "<group>"; };
		7D065E2F2434855100DD2E02 /* Base */ = {isa = PBXFileReference; lastKnownFileType = file.storyboard; name = Base; path = Base.lproj/Main.storyboard; sourceTree = "<group>"; };
		7D065E312434855300DD2E02 /* Assets.xcassets */ = {isa = PBXFileReference; lastKnownFileType = folder.assetcatalog; path = Assets.xcassets; sourceTree = "<group>"; };
		7D065E342434855300DD2E02 /* Base */ = {isa = PBXFileReference; lastKnownFileType = file.storyboard; name = Base; path = Base.lproj/LaunchScreen.storyboard; sourceTree = "<group>"; };
		7D065E362434855300DD2E02 /* Info.plist */ = {isa = PBXFileReference; lastKnownFileType = text.plist.xml; path = Info.plist; sourceTree = "<group>"; };
		7D065E372434855300DD2E02 /* main.m */ = {isa = PBXFileReference; lastKnownFileType = sourcecode.c.objc; path = main.m; sourceTree = "<group>"; };
		7D065E412434858100DD2E02 /* Student.h */ = {isa = PBXFileReference; lastKnownFileType = sourcecode.c.h; path = Student.h; sourceTree = "<group>"; };
		7D065E422434858100DD2E02 /* Student.m */ = {isa = PBXFileReference; lastKnownFileType = sourcecode.c.objc; path = Student.m; sourceTree = "<group>"; };
/* End PBXFileReference section */

/* Begin PBXFrameworksBuildPhase section */
		7D065E1F2434855100DD2E02 /* Frameworks */ = {
			isa = PBXFrameworksBuildPhase;
			buildActionMask = 2147483647;
			files = (
			);
			runOnlyForDeploymentPostprocessing = 0;
		};
/* End PBXFrameworksBuildPhase section */

/* Begin PBXGroup section */
		7D065E192434855100DD2E02 = {
			isa = PBXGroup;
			children = (
				7D065E242434855100DD2E02 /* Sub_P2 */,
				7D065E232434855100DD2E02 /* Products */,
			);
			sourceTree = "<group>";
		};
		7D065E232434855100DD2E02 /* Products */ = {
			isa = PBXGroup;
			children = (
				7D065E222434855100DD2E02 /* Sub_P2.app */,
			);
			name = Products;
			sourceTree = "<group>";
		};
		7D065E242434855100DD2E02 /* Sub_P2 */ = {
			isa = PBXGroup;
			children = (
				7D065E252434855100DD2E02 /* AppDelegate.h */,
				7D065E262434855100DD2E02 /* AppDelegate.m */,
				7D065E282434855100DD2E02 /* SceneDelegate.h */,
				7D065E292434855100DD2E02 /* SceneDelegate.m */,
				7D065E2B2434855100DD2E02 /* ViewController.h */,
				7D065E2C2434855100DD2E02 /* ViewController.m */,
				7D065E412434858100DD2E02 /* Student.h */,
				7D065E422434858100DD2E02 /* Student.m */,
				7D065E2E2434855100DD2E02 /* Main.storyboard */,
				7D065E312434855300DD2E02 /* Assets.xcassets */,
				7D065E332434855300DD2E02 /* LaunchScreen.storyboard */,
				7D065E362434855300DD2E02 /* Info.plist */,
				7D065E372434855300DD2E02 /* main.m */,
			);
			path = Sub_P2;
			sourceTree = "<group>";
		};
/* End PBXGroup section */

/* Begin PBXNativeTarget section */
		7D065E212434855100DD2E02 /* Sub_P2 */ = {
			isa = PBXNativeTarget;
			buildConfigurationList = 7D065E3B2434855300DD2E02 /* Build configuration list for PBXNativeTarget "Sub_P2" */;
			buildPhases = (
				7D065E1E2434855100DD2E02 /* Sources */,
				7D065E1F2434855100DD2E02 /* Frameworks */,
				7D065E202434855100DD2E02 /* Resources */,
			);
			buildRules = (
			);
			dependencies = (
			);
			name = Sub_P2;
			productName = Sub_P2;
			productReference = 7D065E222434855100DD2E02 /* Sub_P2.app */;
			productType = "com.apple.product-type.application";
		};
/* End PBXNativeTarget section */

/* Begin PBXProject section */
		7D065E1A2434855100DD2E02 /* Project object */ = {
			isa = PBXProject;
			attributes = {
				LastUpgradeCheck = 1130;
				ORGANIZATIONNAME = yongping;
				TargetAttributes = {
					7D065E212434855100DD2E02 = {
						CreatedOnToolsVersion = 11.3.1;
					};
				};
			};
			buildConfigurationList = 7D065E1D2434855100DD2E02 /* Build configuration list for PBXProject "Sub_P2" */;
			compatibilityVersion = "Xcode 9.3";
			developmentRegion = en;
			hasScannedForEncodings = 0;
			knownRegions = (
				en,
				Base,
			);
			mainGroup = 7D065E192434855100DD2E02;
			productRefGroup = 7D065E232434855100DD2E02 /* Products */;
			projectDirPath = "";
			projectRoot = "";
			targets = (
				7D065E212434855100DD2E02 /* Sub_P2 */,
			);
		};
/* End PBXProject section */

/* Begin PBXResourcesBuildPhase section */
		7D065E202434855100DD2E02 /* Resources */ = {
			isa = PBXResourcesBuildPhase;
			buildActionMask = 2147483647;
			files = (
				7D065E352434855300DD2E02 /* LaunchScreen.storyboard in Resources */,
				7D065E322434855300DD2E02 /* Assets.xcassets in Resources */,
				7D065E302434855100DD2E02 /* Main.storyboard in Resources */,
			);
			runOnlyForDeploymentPostprocessing = 0;
		};
/* End PBXResourcesBuildPhase section */

/* Begin PBXSourcesBuildPhase section */
		7D065E1E2434855100DD2E02 /* Sources */ = {
			isa = PBXSourcesBuildPhase;
			buildActionMask = 2147483647;
			files = (
				7D065E2D2434855100DD2E02 /* ViewController.m in Sources */,
				7D065E272434855100DD2E02 /* AppDelegate.m in Sources */,
				7D065E432434858100DD2E02 /* Student.m in Sources */,
				7D065E382434855300DD2E02 /* main.m in Sources */,
				7D065E2A2434855100DD2E02 /* SceneDelegate.m in Sources */,
			);
			runOnlyForDeploymentPostprocessing = 0;
		};
/* End PBXSourcesBuildPhase section */

/* Begin PBXVariantGroup section */
		7D065E2E2434855100DD2E02 /* Main.storyboard */ = {
			isa = PBXVariantGroup;
			children = (
				7D065E2F2434855100DD2E02 /* Base */,
			);
			name = Main.storyboard;
			sourceTree = "<group>";
		};
		7D065E332434855300DD2E02 /* LaunchScreen.storyboard */ = {
			isa = PBXVariantGroup;
			children = (
				7D065E342434855300DD2E02 /* Base */,
			);
			name = LaunchScreen.storyboard;
			sourceTree = "<group>";
		};
/* End PBXVariantGroup section */

/* Begin XCBuildConfiguration section */
		7D065E392434855300DD2E02 /* Debug */ = {
			isa = XCBuildConfiguration;
			buildSettings = {
				ALWAYS_SEARCH_USER_PATHS = NO;
				CLANG_ANALYZER_NONNULL = YES;
				CLANG_ANALYZER_NUMBER_OBJECT_CONVERSION = YES_AGGRESSIVE;
				CLANG_CXX_LANGUAGE_STANDARD = "gnu++14";
				CLANG_CXX_LIBRARY = "libc++";
				CLANG_ENABLE_MODULES = YES;
				CLANG_ENABLE_OBJC_ARC = YES;
				CLANG_ENABLE_OBJC_WEAK = YES;
				CLANG_WARN_BLOCK_CAPTURE_AUTORELEASING = YES;
				CLANG_WARN_BOOL_CONVERSION = YES;
				CLANG_WARN_COMMA = YES;
				CLANG_WARN_CONSTANT_CONVERSION = YES;
				CLANG_WARN_DEPRECATED_OBJC_IMPLEMENTATIONS = YES;
				CLANG_WARN_DIRECT_OBJC_ISA_USAGE = YES_ERROR;
				CLANG_WARN_DOCUMENTATION_COMMENTS = YES;
				CLANG_WARN_EMPTY_BODY = YES;
				CLANG_WARN_ENUM_CONVERSION = YES;
				CLANG_WARN_INFINITE_RECURSION = YES;
				CLANG_WARN_INT_CONVERSION = YES;
				CLANG_WARN_NON_LITERAL_NULL_CONVERSION = YES;
				CLANG_WARN_OBJC_IMPLICIT_RETAIN_SELF = YES;
				CLANG_WARN_OBJC_LITERAL_CONVERSION = YES;
				CLANG_WARN_OBJC_ROOT_CLASS = YES_ERROR;
				CLANG_WARN_RANGE_LOOP_ANALYSIS = YES;
				CLANG_WARN_STRICT_PROTOTYPES = YES;
				CLANG_WARN_SUSPICIOUS_MOVE = YES;
				CLANG_WARN_UNGUARDED_AVAILABILITY = YES_AGGRESSIVE;
				CLANG_WARN_UNREACHABLE_CODE = YES;
				CLANG_WARN__DUPLICATE_METHOD_MATCH = YES;
				COPY_PHASE_STRIP = NO;
				DEBUG_INFORMATION_FORMAT = dwarf;
				ENABLE_STRICT_OBJC_MSGSEND = YES;
				ENABLE_TESTABILITY = YES;
				GCC_C_LANGUAGE_STANDARD = gnu11;
				GCC_DYNAMIC_NO_PIC = NO;
				GCC_NO_COMMON_BLOCKS = YES;
				GCC_OPTIMIZATION_LEVEL = 0;
				GCC_PREPROCESSOR_DEFINITIONS = (
					"DEBUG=1",
					"$(inherited)",
				);
				GCC_WARN_64_TO_32_BIT_CONVERSION = YES;
				GCC_WARN_ABOUT_RETURN_TYPE = YES_ERROR;
				GCC_WARN_UNDECLARED_SELECTOR = YES;
				GCC_WARN_UNINITIALIZED_AUTOS = YES_AGGRESSIVE;
				GCC_WARN_UNUSED_FUNCTION = YES;
				GCC_WARN_UNUSED_VARIABLE = YES;
				IPHONEOS_DEPLOYMENT_TARGET = 13.2;
				MTL_ENABLE_DEBUG_INFO = INCLUDE_SOURCE;
				MTL_FAST_MATH = YES;
				ONLY_ACTIVE_ARCH = YES;
				SDKROOT = iphoneos;
			};
			name = Debug;
		};
		7D065E3A2434855300DD2E02 /* Release */ = {
			isa = XCBuildConfiguration;
			buildSettings = {
				ALWAYS_SEARCH_USER_PATHS = NO;
				CLANG_ANALYZER_NONNULL = YES;
				CLANG_ANALYZER_NUMBER_OBJECT_CONVERSION = YES_AGGRESSIVE;
				CLANG_CXX_LANGUAGE_STANDARD = "gnu++14";
				CLANG_CXX_LIBRARY = "libc++";
				CLANG_ENABLE_MODULES = YES;
				CLANG_ENABLE_OBJC_ARC = YES;
				CLANG_ENABLE_OBJC_WEAK = YES;
				CLANG_WARN_BLOCK_CAPTURE_AUTORELEASING = YES;
				CLANG_WARN_BOOL_CONVERSION = YES;
				CLANG_WARN_COMMA = YES;
				CLANG_WARN_CONSTANT_CONVERSION = YES;
				CLANG_WARN_DEPRECATED_OBJC_IMPLEMENTATIONS = YES;
				CLANG_WARN_DIRECT_OBJC_ISA_USAGE = YES_ERROR;
				CLANG_WARN_DOCUMENTATION_COMMENTS = YES;
				CLANG_WARN_EMPTY_BODY = YES;
				CLANG_WARN_ENUM_CONVERSION = YES;
				CLANG_WARN_INFINITE_RECURSION = YES;
				CLANG_WARN_INT_CONVERSION = YES;
				CLANG_WARN_NON_LITERAL_NULL_CONVERSION = YES;
				CLANG_WARN_OBJC_IMPLICIT_RETAIN_SELF = YES;
				CLANG_WARN_OBJC_LITERAL_CONVERSION = YES;
				CLANG_WARN_OBJC_ROOT_CLASS = YES_ERROR;
				CLANG_WARN_RANGE_LOOP_ANALYSIS = YES;
				CLANG_WARN_STRICT_PROTOTYPES = YES;
				CLANG_WARN_SUSPICIOUS_MOVE = YES;
				CLANG_WARN_UNGUARDED_AVAILABILITY = YES_AGGRESSIVE;
				CLANG_WARN_UNREACHABLE_CODE = YES;
				CLANG_WARN__DUPLICATE_METHOD_MATCH = YES;
				COPY_PHASE_STRIP = NO;
				DEBUG_INFORMATION_FORMAT = "dwarf-with-dsym";
				ENABLE_NS_ASSERTIONS = NO;
				ENABLE_STRICT_OBJC_MSGSEND = YES;
				GCC_C_LANGUAGE_STANDARD = gnu11;
				GCC_NO_COMMON_BLOCKS = YES;
				GCC_WARN_64_TO_32_BIT_CONVERSION = YES;
				GCC_WARN_ABOUT_RETURN_TYPE = YES_ERROR;
				GCC_WARN_UNDECLARED_SELECTOR = YES;
				GCC_WARN_UNINITIALIZED_AUTOS = YES_AGGRESSIVE;
				GCC_WARN_UNUSED_FUNCTION = YES;
				GCC_WARN_UNUSED_VARIABLE = YES;
				IPHONEOS_DEPLOYMENT_TARGET = 13.2;
				MTL_ENABLE_DEBUG_INFO = NO;
				MTL_FAST_MATH = YES;
				SDKROOT = iphoneos;
				VALIDATE_PRODUCT = YES;
			};
			name = Release;
		};
		7D065E3C2434855300DD2E02 /* Debug */ = {
			isa = XCBuildConfiguration;
			buildSettings = {
				ASSETCATALOG_COMPILER_APPICON_NAME = AppIcon;
				CODE_SIGN_STYLE = Automatic;
				DEVELOPMENT_TEAM = U63496999C;
				INFOPLIST_FILE = Sub_P2/Info.plist;
				LD_RUNPATH_SEARCH_PATHS = (
					"$(inherited)",
					"@executable_path/Frameworks",
				);
				PRODUCT_BUNDLE_IDENTIFIER = "com.jackcat.Sub-P2";
				PRODUCT_NAME = "$(TARGET_NAME)";
				TARGETED_DEVICE_FAMILY = "1,2";
			};
			name = Debug;
		};
		7D065E3D2434855300DD2E02 /* Release */ = {
			isa = XCBuildConfiguration;
			buildSettings = {
				ASSETCATALOG_COMPILER_APPICON_NAME = AppIcon;
				CODE_SIGN_STYLE = Automatic;
				DEVELOPMENT_TEAM = U63496999C;
				INFOPLIST_FILE = Sub_P2/Info.plist;
				LD_RUNPATH_SEARCH_PATHS = (
					"$(inherited)",
					"@executable_path/Frameworks",
				);
				PRODUCT_BUNDLE_IDENTIFIER = "com.jackcat.Sub-P2";
				PRODUCT_NAME = "$(TARGET_NAME)";
				TARGETED_DEVICE_FAMILY = "1,2";
			};
			name = Release;
		};
/* End XCBuildConfiguration section */

/* Begin XCConfigurationList section */
		7D065E1D2434855100DD2E02 /* Build configuration list for PBXProject "Sub_P2" */ = {
			isa = XCConfigurationList;
			buildConfigurations = (
				7D065E392434855300DD2E02 /* Debug */,
				7D065E3A2434855300DD2E02 /* Release */,
			);
			defaultConfigurationIsVisible = 0;
			defaultConfigurationName = Release;
		};
		7D065E3B2434855300DD2E02 /* Build configuration list for PBXNativeTarget "Sub_P2" */ = {
			isa = XCConfigurationList;
			buildConfigurations = (
				7D065E3C2434855300DD2E02 /* Debug */,
				7D065E3D2434855300DD2E02 /* Release */,
			);
			defaultConfigurationIsVisible = 0;
			defaultConfigurationName = Release;
		};
/* End XCConfigurationList section */
	};
	rootObject = 7D065E1A2434855100DD2E02 /* Project object */;
}
